// !$*UTF8*$!
{
	archiveVersion = 1;
	classes = {
	};
	objectVersion = 77;
	objects = {

/* Begin PBXContainerItemProxy section */
		5858D7772CE6A0970083AEE6 /* PBXContainerItemProxy */ = {
			isa = PBXContainerItemProxy;
			containerPortal = 5858D75E2CE6A0960083AEE6 /* Project object */;
			proxyType = 1;
			remoteGlobalIDString = 5858D7652CE6A0960083AEE6;
			remoteInfo = FetchRecipeApp;
		};
		5858D7812CE6A0970083AEE6 /* PBXContainerItemProxy */ = {
			isa = PBXContainerItemProxy;
			containerPortal = 5858D75E2CE6A0960083AEE6 /* Project object */;
			proxyType = 1;
			remoteGlobalIDString = 5858D7652CE6A0960083AEE6;
			remoteInfo = FetchRecipeApp;
		};
/* End PBXContainerItemProxy section */

/* Begin PBXFileReference section */
		5858D7662CE6A0960083AEE6 /* FetchRecipeApp.app */ = {isa = PBXFileReference; explicitFileType = wrapper.application; includeInIndex = 0; path = FetchRecipeApp.app; sourceTree = BUILT_PRODUCTS_DIR; };
		5858D7762CE6A0970083AEE6 /* FetchRecipeAppTests.xctest */ = {isa = PBXFileReference; explicitFileType = wrapper.cfbundle; includeInIndex = 0; path = FetchRecipeAppTests.xctest; sourceTree = BUILT_PRODUCTS_DIR; };
		5858D7802CE6A0970083AEE6 /* FetchRecipeAppUITests.xctest */ = {isa = PBXFileReference; explicitFileType = wrapper.cfbundle; includeInIndex = 0; path = FetchRecipeAppUITests.xctest; sourceTree = BUILT_PRODUCTS_DIR; };
/* End PBXFileReference section */

/* Begin PBXFileSystemSynchronizedRootGroup section */
		5858D7682CE6A0960083AEE6 /* FetchRecipeApp */ = {
			isa = PBXFileSystemSynchronizedRootGroup;
			path = FetchRecipeApp;
			sourceTree = "<group>";
		};
		5858D7792CE6A0970083AEE6 /* FetchRecipeAppTests */ = {
			isa = PBXFileSystemSynchronizedRootGroup;
			path = FetchRecipeAppTests;
			sourceTree = "<group>";
		};
		5858D7832CE6A0970083AEE6 /* FetchRecipeAppUITests */ = {
			isa = PBXFileSystemSynchronizedRootGroup;
			path = FetchRecipeAppUITests;
			sourceTree = "<group>";
		};
/* End PBXFileSystemSynchronizedRootGroup section */

/* Begin PBXFrameworksBuildPhase section */
		5858D7632CE6A0960083AEE6 /* Frameworks */ = {
			isa = PBXFrameworksBuildPhase;
			buildActionMask = 2147483647;
			files = (
			);
			runOnlyForDeploymentPostprocessing = 0;
		};
		5858D7732CE6A0970083AEE6 /* Frameworks */ = {
			isa = PBXFrameworksBuildPhase;
			buildActionMask = 2147483647;
			files = (
			);
			runOnlyForDeploymentPostprocessing = 0;
		};
		5858D77D2CE6A0970083AEE6 /* Frameworks */ = {
			isa = PBXFrameworksBuildPhase;
			buildActionMask = 2147483647;
			files = (
			);
			runOnlyForDeploymentPostprocessing = 0;
		};
/* End PBXFrameworksBuildPhase section */

/* Begin PBXGroup section */
		5858D75D2CE6A0960083AEE6 = {
			isa = PBXGroup;
			children = (
				5858D7682CE6A0960083AEE6 /* FetchRecipeApp */,
				5858D7792CE6A0970083AEE6 /* FetchRecipeAppTests */,
				5858D7832CE6A0970083AEE6 /* FetchRecipeAppUITests */,
				5858D7672CE6A0960083AEE6 /* Products */,
			);
			sourceTree = "<group>";
		};
		5858D7672CE6A0960083AEE6 /* Products */ = {
			isa = PBXGroup;
			children = (
				5858D7662CE6A0960083AEE6 /* FetchRecipeApp.app */,
				5858D7762CE6A0970083AEE6 /* FetchRecipeAppTests.xctest */,
				5858D7802CE6A0970083AEE6 /* FetchRecipeAppUITests.xctest */,
			);
			name = Products;
			sourceTree = "<group>";
		};
/* End PBXGroup section */

/* Begin PBXNativeTarget section */
		5858D7652CE6A0960083AEE6 /* FetchRecipeApp */ = {
			isa = PBXNativeTarget;
			buildConfigurationList = 5858D78A2CE6A0970083AEE6 /* Build configuration list for PBXNativeTarget "FetchRecipeApp" */;
			buildPhases = (
				5858D7622CE6A0960083AEE6 /* Sources */,
				5858D7632CE6A0960083AEE6 /* Frameworks */,
				5858D7642CE6A0960083AEE6 /* Resources */,
			);
			buildRules = (
			);
			dependencies = (
			);
			fileSystemSynchronizedGroups = (
				5858D7682CE6A0960083AEE6 /* FetchRecipeApp */,
			);
			name = FetchRecipeApp;
			packageProductDependencies = (
			);
			productName = FetchRecipeApp;
			productReference = 5858D7662CE6A0960083AEE6 /* FetchRecipeApp.app */;
			productType = "com.apple.product-type.application";
		};
		5858D7752CE6A0970083AEE6 /* FetchRecipeAppTests */ = {
			isa = PBXNativeTarget;
			buildConfigurationList = 5858D78D2CE6A0970083AEE6 /* Build configuration list for PBXNativeTarget "FetchRecipeAppTests" */;
			buildPhases = (
				5858D7722CE6A0970083AEE6 /* Sources */,
				5858D7732CE6A0970083AEE6 /* Frameworks */,
				5858D7742CE6A0970083AEE6 /* Resources */,
			);
			buildRules = (
			);
			dependencies = (
				5858D7782CE6A0970083AEE6 /* PBXTargetDependency */,
			);
			fileSystemSynchronizedGroups = (
				5858D7792CE6A0970083AEE6 /* FetchRecipeAppTests */,
			);
			name = FetchRecipeAppTests;
			packageProductDependencies = (
			);
			productName = FetchRecipeAppTests;
			productReference = 5858D7762CE6A0970083AEE6 /* FetchRecipeAppTests.xctest */;
			productType = "com.apple.product-type.bundle.unit-test";
		};
		5858D77F2CE6A0970083AEE6 /* FetchRecipeAppUITests */ = {
			isa = PBXNativeTarget;
			buildConfigurationList = 5858D7902CE6A0970083AEE6 /* Build configuration list for PBXNativeTarget "FetchRecipeAppUITests" */;
			buildPhases = (
				5858D77C2CE6A0970083AEE6 /* Sources */,
				5858D77D2CE6A0970083AEE6 /* Frameworks */,
				5858D77E2CE6A0970083AEE6 /* Resources */,
			);
			buildRules = (
			);
			dependencies = (
				5858D7822CE6A0970083AEE6 /* PBXTargetDependency */,
			);
			fileSystemSynchronizedGroups = (
				5858D7832CE6A0970083AEE6 /* FetchRecipeAppUITests */,
			);
			name = FetchRecipeAppUITests;
			packageProductDependencies = (
			);
			productName = FetchRecipeAppUITests;
			productReference = 5858D7802CE6A0970083AEE6 /* FetchRecipeAppUITests.xctest */;
			productType = "com.apple.product-type.bundle.ui-testing";
		};
/* End PBXNativeTarget section */

/* Begin PBXProject section */
		5858D75E2CE6A0960083AEE6 /* Project object */ = {
			isa = PBXProject;
			attributes = {
				BuildIndependentTargetsInParallel = 1;
				LastSwiftUpdateCheck = 1610;
				LastUpgradeCheck = 1610;
				TargetAttributes = {
					5858D7652CE6A0960083AEE6 = {
						CreatedOnToolsVersion = 16.1;
					};
					5858D7752CE6A0970083AEE6 = {
						CreatedOnToolsVersion = 16.1;
						TestTargetID = 5858D7652CE6A0960083AEE6;
					};
					5858D77F2CE6A0970083AEE6 = {
						CreatedOnToolsVersion = 16.1;
						TestTargetID = 5858D7652CE6A0960083AEE6;
					};
				};
			};
			buildConfigurationList = 5858D7612CE6A0960083AEE6 /* Build configuration list for PBXProject "FetchRecipeApp" */;
			developmentRegion = en;
			hasScannedForEncodings = 0;
			knownRegions = (
				en,
				Base,
			);
			mainGroup = 5858D75D2CE6A0960083AEE6;
			minimizedProjectReferenceProxies = 1;
			preferredProjectObjectVersion = 77;
			productRefGroup = 5858D7672CE6A0960083AEE6 /* Products */;
			projectDirPath = "";
			projectRoot = "";
			targets = (
				5858D7652CE6A0960083AEE6 /* FetchRecipeApp */,
				5858D7752CE6A0970083AEE6 /* FetchRecipeAppTests */,
				5858D77F2CE6A0970083AEE6 /* FetchRecipeAppUITests */,
			);
		};
/* End PBXProject section */

/* Begin PBXResourcesBuildPhase section */
		5858D7642CE6A0960083AEE6 /* Resources */ = {
			isa = PBXResourcesBuildPhase;
			buildActionMask = 2147483647;
			files = (
			);
			runOnlyForDeploymentPostprocessing = 0;
		};
		5858D7742CE6A0970083AEE6 /* Resources */ = {
			isa = PBXResourcesBuildPhase;
			buildActionMask = 2147483647;
			files = (
			);
			runOnlyForDeploymentPostprocessing = 0;
		};
		5858D77E2CE6A0970083AEE6 /* Resources */ = {
			isa = PBXResourcesBuildPhase;
			buildActionMask = 2147483647;
			files = (
			);
			runOnlyForDeploymentPostprocessing = 0;
		};
/* End PBXResourcesBuildPhase section */

/* Begin PBXSourcesBuildPhase section */
		5858D7622CE6A0960083AEE6 /* Sources */ = {
			isa = PBXSourcesBuildPhase;
			buildActionMask = 2147483647;
			files = (
			);
			runOnlyForDeploymentPostprocessing = 0;
		};
		5858D7722CE6A0970083AEE6 /* Sources */ = {
			isa = PBXSourcesBuildPhase;
			buildActionMask = 2147483647;
			files = (
			);
			runOnlyForDeploymentPostprocessing = 0;
		};
		5858D77C2CE6A0970083AEE6 /* Sources */ = {
			isa = PBXSourcesBuildPhase;
			buildActionMask = 2147483647;
			files = (
			);
			runOnlyForDeploymentPostprocessing = 0;
		};
/* End PBXSourcesBuildPhase section */

/* Begin PBXTargetDependency section */
		5858D7782CE6A0970083AEE6 /* PBXTargetDependency */ = {
			isa = PBXTargetDependency;
			target = 5858D7652CE6A0960083AEE6 /* FetchRecipeApp */;
			targetProxy = 5858D7772CE6A0970083AEE6 /* PBXContainerItemProxy */;
		};
		5858D7822CE6A0970083AEE6 /* PBXTargetDependency */ = {
			isa = PBXTargetDependency;
			target = 5858D7652CE6A0960083AEE6 /* FetchRecipeApp */;
			targetProxy = 5858D7812CE6A0970083AEE6 /* PBXContainerItemProxy */;
		};
/* End PBXTargetDependency section */

/* Begin XCBuildConfiguration section */
		5858D7882CE6A0970083AEE6 /* Debug */ = {
			isa = XCBuildConfiguration;
			buildSettings = {
				ALWAYS_SEARCH_USER_PATHS = NO;
				ASSETCATALOG_COMPILER_GENERATE_SWIFT_ASSET_SYMBOL_EXTENSIONS = YES;
				CLANG_ANALYZER_NONNULL = YES;
				CLANG_ANALYZER_NUMBER_OBJECT_CONVERSION = YES_AGGRESSIVE;
				CLANG_CXX_LANGUAGE_STANDARD = "gnu++20";
				CLANG_ENABLE_MODULES = YES;
				CLANG_ENABLE_OBJC_ARC = YES;
				CLANG_ENABLE_OBJC_WEAK = YES;
				CLANG_WARN_BLOCK_CAPTURE_AUTORELEASING = YES;
				CLANG_WARN_BOOL_CONVERSION = YES;
				CLANG_WARN_COMMA = YES;
				CLANG_WARN_CONSTANT_CONVERSION = YES;
				CLANG_WARN_DEPRECATED_OBJC_IMPLEMENTATIONS = YES;
				CLANG_WARN_DIRECT_OBJC_ISA_USAGE = YES_ERROR;
				CLANG_WARN_DOCUMENTATION_COMMENTS = YES;
				CLANG_WARN_EMPTY_BODY = YES;
				CLANG_WARN_ENUM_CONVERSION = YES;
				CLANG_WARN_INFINITE_RECURSION = YES;
				CLANG_WARN_INT_CONVERSION = YES;
				CLANG_WARN_NON_LITERAL_NULL_CONVERSION = YES;
				CLANG_WARN_OBJC_IMPLICIT_RETAIN_SELF = YES;
				CLANG_WARN_OBJC_LITERAL_CONVERSION = YES;
				CLANG_WARN_OBJC_ROOT_CLASS = YES_ERROR;
				CLANG_WARN_QUOTED_INCLUDE_IN_FRAMEWORK_HEADER = YES;
				CLANG_WARN_RANGE_LOOP_ANALYSIS = YES;
				CLANG_WARN_STRICT_PROTOTYPES = YES;
				CLANG_WARN_SUSPICIOUS_MOVE = YES;
				CLANG_WARN_UNGUARDED_AVAILABILITY = YES_AGGRESSIVE;
				CLANG_WARN_UNREACHABLE_CODE = YES;
				CLANG_WARN__DUPLICATE_METHOD_MATCH = YES;
				COPY_PHASE_STRIP = NO;
				DEBUG_INFORMATION_FORMAT = dwarf;
				ENABLE_STRICT_OBJC_MSGSEND = YES;
				ENABLE_TESTABILITY = YES;
				ENABLE_USER_SCRIPT_SANDBOXING = YES;
				GCC_C_LANGUAGE_STANDARD = gnu17;
				GCC_DYNAMIC_NO_PIC = NO;
				GCC_NO_COMMON_BLOCKS = YES;
				GCC_OPTIMIZATION_LEVEL = 0;
				GCC_PREPROCESSOR_DEFINITIONS = (
					"DEBUG=1",
					"$(inherited)",
				);
				GCC_WARN_64_TO_32_BIT_CONVERSION = YES;
				GCC_WARN_ABOUT_RETURN_TYPE = YES_ERROR;
				GCC_WARN_UNDECLARED_SELECTOR = YES;
				GCC_WARN_UNINITIALIZED_AUTOS = YES_AGGRESSIVE;
				GCC_WARN_UNUSED_FUNCTION = YES;
				GCC_WARN_UNUSED_VARIABLE = YES;
				IPHONEOS_DEPLOYMENT_TARGET = 18.1;
				LOCALIZATION_PREFERS_STRING_CATALOGS = YES;
				MTL_ENABLE_DEBUG_INFO = INCLUDE_SOURCE;
				MTL_FAST_MATH = YES;
				ONLY_ACTIVE_ARCH = YES;
				SDKROOT = iphoneos;
				SWIFT_ACTIVE_COMPILATION_CONDITIONS = "DEBUG $(inherited)";
				SWIFT_OPTIMIZATION_LEVEL = "-Onone";
			};
			name = Debug;
		};
		5858D7892CE6A0970083AEE6 /* Release */ = {
			isa = XCBuildConfiguration;
			buildSettings = {
				ALWAYS_SEARCH_USER_PATHS = NO;
				ASSETCATALOG_COMPILER_GENERATE_SWIFT_ASSET_SYMBOL_EXTENSIONS = YES;
				CLANG_ANALYZER_NONNULL = YES;
				CLANG_ANALYZER_NUMBER_OBJECT_CONVERSION = YES_AGGRESSIVE;
				CLANG_CXX_LANGUAGE_STANDARD = "gnu++20";
				CLANG_ENABLE_MODULES = YES;
				CLANG_ENABLE_OBJC_ARC = YES;
				CLANG_ENABLE_OBJC_WEAK = YES;
				CLANG_WARN_BLOCK_CAPTURE_AUTORELEASING = YES;
				CLANG_WARN_BOOL_CONVERSION = YES;
				CLANG_WARN_COMMA = YES;
				CLANG_WARN_CONSTANT_CONVERSION = YES;
				CLANG_WARN_DEPRECATED_OBJC_IMPLEMENTATIONS = YES;
				CLANG_WARN_DIRECT_OBJC_ISA_USAGE = YES_ERROR;
				CLANG_WARN_DOCUMENTATION_COMMENTS = YES;
				CLANG_WARN_EMPTY_BODY = YES;
				CLANG_WARN_ENUM_CONVERSION = YES;
				CLANG_WARN_INFINITE_RECURSION = YES;
				CLANG_WARN_INT_CONVERSION = YES;
				CLANG_WARN_NON_LITERAL_NULL_CONVERSION = YES;
				CLANG_WARN_OBJC_IMPLICIT_RETAIN_SELF = YES;
				CLANG_WARN_OBJC_LITERAL_CONVERSION = YES;
				CLANG_WARN_OBJC_ROOT_CLASS = YES_ERROR;
				CLANG_WARN_QUOTED_INCLUDE_IN_FRAMEWORK_HEADER = YES;
				CLANG_WARN_RANGE_LOOP_ANALYSIS = YES;
				CLANG_WARN_STRICT_PROTOTYPES = YES;
				CLANG_WARN_SUSPICIOUS_MOVE = YES;
				CLANG_WARN_UNGUARDED_AVAILABILITY = YES_AGGRESSIVE;
				CLANG_WARN_UNREACHABLE_CODE = YES;
				CLANG_WARN__DUPLICATE_METHOD_MATCH = YES;
				COPY_PHASE_STRIP = NO;
				DEBUG_INFORMATION_FORMAT = "dwarf-with-dsym";
				ENABLE_NS_ASSERTIONS = NO;
				ENABLE_STRICT_OBJC_MSGSEND = YES;
				ENABLE_USER_SCRIPT_SANDBOXING = YES;
				GCC_C_LANGUAGE_STANDARD = gnu17;
				GCC_NO_COMMON_BLOCKS = YES;
				GCC_WARN_64_TO_32_BIT_CONVERSION = YES;
				GCC_WARN_ABOUT_RETURN_TYPE = YES_ERROR;
				GCC_WARN_UNDECLARED_SELECTOR = YES;
				GCC_WARN_UNINITIALIZED_AUTOS = YES_AGGRESSIVE;
				GCC_WARN_UNUSED_FUNCTION = YES;
				GCC_WARN_UNUSED_VARIABLE = YES;
				IPHONEOS_DEPLOYMENT_TARGET = 18.1;
				LOCALIZATION_PREFERS_STRING_CATALOGS = YES;
				MTL_ENABLE_DEBUG_INFO = NO;
				MTL_FAST_MATH = YES;
				SDKROOT = iphoneos;
				SWIFT_COMPILATION_MODE = wholemodule;
				VALIDATE_PRODUCT = YES;
			};
			name = Release;
		};
		5858D78B2CE6A0970083AEE6 /* Debug */ = {
			isa = XCBuildConfiguration;
			buildSettings = {
				ASSETCATALOG_COMPILER_APPICON_NAME = AppIcon;
				ASSETCATALOG_COMPILER_GLOBAL_ACCENT_COLOR_NAME = AccentColor;
				CODE_SIGN_STYLE = Automatic;
				CURRENT_PROJECT_VERSION = 1;
				DEVELOPMENT_ASSET_PATHS = "\"FetchRecipeApp/Preview Content\"";
				ENABLE_PREVIEWS = YES;
				GENERATE_INFOPLIST_FILE = YES;
				INFOPLIST_KEY_UIApplicationSceneManifest_Generation = YES;
				INFOPLIST_KEY_UIApplicationSupportsIndirectInputEvents = YES;
				INFOPLIST_KEY_UILaunchScreen_Generation = YES;
				INFOPLIST_KEY_UISupportedInterfaceOrientations_iPad = "UIInterfaceOrientationPortrait UIInterfaceOrientationPortraitUpsideDown UIInterfaceOrientationLandscapeLeft UIInterfaceOrientationLandscapeRight";
				INFOPLIST_KEY_UISupportedInterfaceOrientations_iPhone = "UIInterfaceOrientationPortrait UIInterfaceOrientationLandscapeLeft UIInterfaceOrientationLandscapeRight";
				LD_RUNPATH_SEARCH_PATHS = (
					"$(inherited)",
					"@executable_path/Frameworks",
				);
				MARKETING_VERSION = 1.0;
				PRODUCT_BUNDLE_IDENTIFIER = Davenport.Eric.FetchRecipeApp;
				PRODUCT_NAME = "$(TARGET_NAME)";
				SWIFT_EMIT_LOC_STRINGS = YES;
				SWIFT_VERSION = 5.0;
				TARGETED_DEVICE_FAMILY = "1,2";
			};
			name = Debug;
		};
		5858D78C2CE6A0970083AEE6 /* Release */ = {
			isa = XCBuildConfiguration;
			buildSettings = {
				ASSETCATALOG_COMPILER_APPICON_NAME = AppIcon;
				ASSETCATALOG_COMPILER_GLOBAL_ACCENT_COLOR_NAME = AccentColor;
				CODE_SIGN_STYLE = Automatic;
				CURRENT_PROJECT_VERSION = 1;
				DEVELOPMENT_ASSET_PATHS = "\"FetchRecipeApp/Preview Content\"";
				ENABLE_PREVIEWS = YES;
				GENERATE_INFOPLIST_FILE = YES;
				INFOPLIST_KEY_UIApplicationSceneManifest_Generation = YES;
				INFOPLIST_KEY_UIApplicationSupportsIndirectInputEvents = YES;
				INFOPLIST_KEY_UILaunchScreen_Generation = YES;
				INFOPLIST_KEY_UISupportedInterfaceOrientations_iPad = "UIInterfaceOrientationPortrait UIInterfaceOrientationPortraitUpsideDown UIInterfaceOrientationLandscapeLeft UIInterfaceOrientationLandscapeRight";
				INFOPLIST_KEY_UISupportedInterfaceOrientations_iPhone = "UIInterfaceOrientationPortrait UIInterfaceOrientationLandscapeLeft UIInterfaceOrientationLandscapeRight";
				LD_RUNPATH_SEARCH_PATHS = (
					"$(inherited)",
					"@executable_path/Frameworks",
				);
				MARKETING_VERSION = 1.0;
				PRODUCT_BUNDLE_IDENTIFIER = Davenport.Eric.FetchRecipeApp;
				PRODUCT_NAME = "$(TARGET_NAME)";
				SWIFT_EMIT_LOC_STRINGS = YES;
				SWIFT_VERSION = 5.0;
				TARGETED_DEVICE_FAMILY = "1,2";
			};
			name = Release;
		};
		5858D78E2CE6A0970083AEE6 /* Debug */ = {
			isa = XCBuildConfiguration;
			buildSettings = {
				BUNDLE_LOADER = "$(TEST_HOST)";
				CODE_SIGN_STYLE = Automatic;
				CURRENT_PROJECT_VERSION = 1;
				GENERATE_INFOPLIST_FILE = YES;
				IPHONEOS_DEPLOYMENT_TARGET = 18.1;
				MARKETING_VERSION = 1.0;
				PRODUCT_BUNDLE_IDENTIFIER = Davenport.Eric.FetchRecipeAppTests;
				PRODUCT_NAME = "$(TARGET_NAME)";
				SWIFT_EMIT_LOC_STRINGS = NO;
				SWIFT_VERSION = 5.0;
				TARGETED_DEVICE_FAMILY = "1,2";
				TEST_HOST = "$(BUILT_PRODUCTS_DIR)/FetchRecipeApp.app/$(BUNDLE_EXECUTABLE_FOLDER_PATH)/FetchRecipeApp";
			};
			name = Debug;
		};
		5858D78F2CE6A0970083AEE6 /* Release */ = {
			isa = XCBuildConfiguration;
			buildSettings = {
				BUNDLE_LOADER = "$(TEST_HOST)";
				CODE_SIGN_STYLE = Automatic;
				CURRENT_PROJECT_VERSION = 1;
				GENERATE_INFOPLIST_FILE = YES;
				IPHONEOS_DEPLOYMENT_TARGET = 18.1;
				MARKETING_VERSION = 1.0;
				PRODUCT_BUNDLE_IDENTIFIER = Davenport.Eric.FetchRecipeAppTests;
				PRODUCT_NAME = "$(TARGET_NAME)";
				SWIFT_EMIT_LOC_STRINGS = NO;
				SWIFT_VERSION = 5.0;
				TARGETED_DEVICE_FAMILY = "1,2";
				TEST_HOST = "$(BUILT_PRODUCTS_DIR)/FetchRecipeApp.app/$(BUNDLE_EXECUTABLE_FOLDER_PATH)/FetchRecipeApp";
			};
			name = Release;
		};
		5858D7912CE6A0970083AEE6 /* Debug */ = {
			isa = XCBuildConfiguration;
			buildSettings = {
				CODE_SIGN_STYLE = Automatic;
				CURRENT_PROJECT_VERSION = 1;
				GENERATE_INFOPLIST_FILE = YES;
				MARKETING_VERSION = 1.0;
				PRODUCT_BUNDLE_IDENTIFIER = Davenport.Eric.FetchRecipeAppUITests;
				PRODUCT_NAME = "$(TARGET_NAME)";
				SWIFT_EMIT_LOC_STRINGS = NO;
				SWIFT_VERSION = 5.0;
				TARGETED_DEVICE_FAMILY = "1,2";
				TEST_TARGET_NAME = FetchRecipeApp;
			};
			name = Debug;
		};
		5858D7922CE6A0970083AEE6 /* Release */ = {
			isa = XCBuildConfiguration;
			buildSettings = {
				CODE_SIGN_STYLE = Automatic;
				CURRENT_PROJECT_VERSION = 1;
				GENERATE_INFOPLIST_FILE = YES;
				MARKETING_VERSION = 1.0;
				PRODUCT_BUNDLE_IDENTIFIER = Davenport.Eric.FetchRecipeAppUITests;
				PRODUCT_NAME = "$(TARGET_NAME)";
				SWIFT_EMIT_LOC_STRINGS = NO;
				SWIFT_VERSION = 5.0;
				TARGETED_DEVICE_FAMILY = "1,2";
				TEST_TARGET_NAME = FetchRecipeApp;
			};
			name = Release;
		};
/* End XCBuildConfiguration section */

/* Begin XCConfigurationList section */
		5858D7612CE6A0960083AEE6 /* Build configuration list for PBXProject "FetchRecipeApp" */ = {
			isa = XCConfigurationList;
			buildConfigurations = (
				5858D7882CE6A0970083AEE6 /* Debug */,
				5858D7892CE6A0970083AEE6 /* Release */,
			);
			defaultConfigurationIsVisible = 0;
			defaultConfigurationName = Release;
		};
		5858D78A2CE6A0970083AEE6 /* Build configuration list for PBXNativeTarget "FetchRecipeApp" */ = {
			isa = XCConfigurationList;
			buildConfigurations = (
				5858D78B2CE6A0970083AEE6 /* Debug */,
				5858D78C2CE6A0970083AEE6 /* Release */,
			);
			defaultConfigurationIsVisible = 0;
			defaultConfigurationName = Release;
		};
		5858D78D2CE6A0970083AEE6 /* Build configuration list for PBXNativeTarget "FetchRecipeAppTests" */ = {
			isa = XCConfigurationList;
			buildConfigurations = (
				5858D78E2CE6A0970083AEE6 /* Debug */,
				5858D78F2CE6A0970083AEE6 /* Release */,
			);
			defaultConfigurationIsVisible = 0;
			defaultConfigurationName = Release;
		};
		5858D7902CE6A0970083AEE6 /* Build configuration list for PBXNativeTarget "FetchRecipeAppUITests" */ = {
			isa = XCConfigurationList;
			buildConfigurations = (
				5858D7912CE6A0970083AEE6 /* Debug */,
				5858D7922CE6A0970083AEE6 /* Release */,
			);
			defaultConfigurationIsVisible = 0;
			defaultConfigurationName = Release;
		};
/* End XCConfigurationList section */
	};
	rootObject = 5858D75E2CE6A0960083AEE6 /* Project object */;
}
